// !$*UTF8*$!
{
	archiveVersion = 1;
	classes = {
	};
	objectVersion = 51;
	objects = {

/* Begin PBXBuildFile section */
		585660C736EDD2F362DF45D4 /* Pods_HMSDTMKitDemoTests.framework in Frameworks */ = {isa = PBXBuildFile; fileRef = B874B6313863BB9285026EE8 /* Pods_HMSDTMKitDemoTests.framework */; };
		5D326736B77FCD69079B9418 /* Pods_HMSDTMKitDemo_HMSDTMKitDemoUITests.framework in Frameworks */ = {isa = PBXBuildFile; fileRef = 654709F53FCF1DDEC3C5AF9D /* Pods_HMSDTMKitDemo_HMSDTMKitDemoUITests.framework */; };
		84D52BCB25AC70C700AC50AE /* AppDelegate.m in Sources */ = {isa = PBXBuildFile; fileRef = 84D52BCA25AC70C700AC50AE /* AppDelegate.m */; };
		84D52BCE25AC70C700AC50AE /* SceneDelegate.m in Sources */ = {isa = PBXBuildFile; fileRef = 84D52BCD25AC70C700AC50AE /* SceneDelegate.m */; };
		84D52BD125AC70C700AC50AE /* ViewController.m in Sources */ = {isa = PBXBuildFile; fileRef = 84D52BD025AC70C700AC50AE /* ViewController.m */; };
		84D52BD425AC70C700AC50AE /* Main.storyboard in Resources */ = {isa = PBXBuildFile; fileRef = 84D52BD225AC70C700AC50AE /* Main.storyboard */; };
		84D52BD625AC70C900AC50AE /* Assets.xcassets in Resources */ = {isa = PBXBuildFile; fileRef = 84D52BD525AC70C900AC50AE /* Assets.xcassets */; };
		84D52BD925AC70C900AC50AE /* LaunchScreen.storyboard in Resources */ = {isa = PBXBuildFile; fileRef = 84D52BD725AC70C900AC50AE /* LaunchScreen.storyboard */; };
		84D52BDC25AC70C900AC50AE /* main.m in Sources */ = {isa = PBXBuildFile; fileRef = 84D52BDB25AC70C900AC50AE /* main.m */; };
		84D52BE625AC70C900AC50AE /* HMSDTMKitDemoTests.m in Sources */ = {isa = PBXBuildFile; fileRef = 84D52BE525AC70C900AC50AE /* HMSDTMKitDemoTests.m */; };
		84D52BF125AC70C900AC50AE /* HMSDTMKitDemoUITests.m in Sources */ = {isa = PBXBuildFile; fileRef = 84D52BF025AC70C900AC50AE /* HMSDTMKitDemoUITests.m */; };
		84D52BFF25AC714E00AC50AE /* agconnect-services.plist in Resources */ = {isa = PBXBuildFile; fileRef = 84D52BFE25AC714E00AC50AE /* agconnect-services.plist */; };
		C6F3EE290095B1891EAF3670 /* Pods_HMSDTMKitDemo.framework in Frameworks */ = {isa = PBXBuildFile; fileRef = B44814D711FC4E660C322E58 /* Pods_HMSDTMKitDemo.framework */; };
/* End PBXBuildFile section */

/* Begin PBXContainerItemProxy section */
		84D52BE225AC70C900AC50AE /* PBXContainerItemProxy */ = {
			isa = PBXContainerItemProxy;
			containerPortal = 84D52BBE25AC70C700AC50AE /* Project object */;
			proxyType = 1;
			remoteGlobalIDString = 84D52BC525AC70C700AC50AE;
			remoteInfo = HMSDTMKitDemo;
		};
		84D52BED25AC70C900AC50AE /* PBXContainerItemProxy */ = {
			isa = PBXContainerItemProxy;
			containerPortal = 84D52BBE25AC70C700AC50AE /* Project object */;
			proxyType = 1;
			remoteGlobalIDString = 84D52BC525AC70C700AC50AE;
			remoteInfo = HMSDTMKitDemo;
		};
/* End PBXContainerItemProxy section */

/* Begin PBXFileReference section */
		2305BB8F91371F122591824F /* Pods-HMSDTMKitDemo.release.xcconfig */ = {isa = PBXFileReference; includeInIndex = 1; lastKnownFileType = text.xcconfig; name = "Pods-HMSDTMKitDemo.release.xcconfig"; path = "Target Support Files/Pods-HMSDTMKitDemo/Pods-HMSDTMKitDemo.release.xcconfig"; sourceTree = "<group>"; };
		60CA04C38B987BD8B819434A /* Pods-HMSDTMKitDemo-HMSDTMKitDemoUITests.debug.xcconfig */ = {isa = PBXFileReference; includeInIndex = 1; lastKnownFileType = text.xcconfig; name = "Pods-HMSDTMKitDemo-HMSDTMKitDemoUITests.debug.xcconfig"; path = "Target Support Files/Pods-HMSDTMKitDemo-HMSDTMKitDemoUITests/Pods-HMSDTMKitDemo-HMSDTMKitDemoUITests.debug.xcconfig"; sourceTree = "<group>"; };
		654709F53FCF1DDEC3C5AF9D /* Pods_HMSDTMKitDemo_HMSDTMKitDemoUITests.framework */ = {isa = PBXFileReference; explicitFileType = wrapper.framework; includeInIndex = 0; path = Pods_HMSDTMKitDemo_HMSDTMKitDemoUITests.framework; sourceTree = BUILT_PRODUCTS_DIR; };
		84D52BC625AC70C700AC50AE /* HMSDTMKitDemo.app */ = {isa = PBXFileReference; explicitFileType = wrapper.application; includeInIndex = 0; path = HMSDTMKitDemo.app; sourceTree = BUILT_PRODUCTS_DIR; };
		84D52BC925AC70C700AC50AE /* AppDelegate.h */ = {isa = PBXFileReference; lastKnownFileType = sourcecode.c.h; path = AppDelegate.h; sourceTree = "<group>"; };
		84D52BCA25AC70C700AC50AE /* AppDelegate.m */ = {isa = PBXFileReference; lastKnownFileType = sourcecode.c.objc; path = AppDelegate.m; sourceTree = "<group>"; };
		84D52BCC25AC70C700AC50AE /* SceneDelegate.h */ = {isa = PBXFileReference; lastKnownFileType = sourcecode.c.h; path = SceneDelegate.h; sourceTree = "<group>"; };
		84D52BCD25AC70C700AC50AE /* SceneDelegate.m */ = {isa = PBXFileReference; lastKnownFileType = sourcecode.c.objc; path = SceneDelegate.m; sourceTree = "<group>"; };
		84D52BCF25AC70C700AC50AE /* ViewController.h */ = {isa = PBXFileReference; lastKnownFileType = sourcecode.c.h; path = ViewController.h; sourceTree = "<group>"; };
		84D52BD025AC70C700AC50AE /* ViewController.m */ = {isa = PBXFileReference; lastKnownFileType = sourcecode.c.objc; path = ViewController.m; sourceTree = "<group>"; };
		84D52BD325AC70C700AC50AE /* Base */ = {isa = PBXFileReference; lastKnownFileType = file.storyboard; name = Base; path = Base.lproj/Main.storyboard; sourceTree = "<group>"; };
		84D52BD525AC70C900AC50AE /* Assets.xcassets */ = {isa = PBXFileReference; lastKnownFileType = folder.assetcatalog; path = Assets.xcassets; sourceTree = "<group>"; };
		84D52BD825AC70C900AC50AE /* Base */ = {isa = PBXFileReference; lastKnownFileType = file.storyboard; name = Base; path = Base.lproj/LaunchScreen.storyboard; sourceTree = "<group>"; };
		84D52BDA25AC70C900AC50AE /* Info.plist */ = {isa = PBXFileReference; lastKnownFileType = text.plist.xml; path = Info.plist; sourceTree = "<group>"; };
		84D52BDB25AC70C900AC50AE /* main.m */ = {isa = PBXFileReference; lastKnownFileType = sourcecode.c.objc; path = main.m; sourceTree = "<group>"; };
		84D52BE125AC70C900AC50AE /* HMSDTMKitDemoTests.xctest */ = {isa = PBXFileReference; explicitFileType = wrapper.cfbundle; includeInIndex = 0; path = HMSDTMKitDemoTests.xctest; sourceTree = BUILT_PRODUCTS_DIR; };
		84D52BE525AC70C900AC50AE /* HMSDTMKitDemoTests.m */ = {isa = PBXFileReference; lastKnownFileType = sourcecode.c.objc; path = HMSDTMKitDemoTests.m; sourceTree = "<group>"; };
		84D52BE725AC70C900AC50AE /* Info.plist */ = {isa = PBXFileReference; lastKnownFileType = text.plist.xml; path = Info.plist; sourceTree = "<group>"; };
		84D52BEC25AC70C900AC50AE /* HMSDTMKitDemoUITests.xctest */ = {isa = PBXFileReference; explicitFileType = wrapper.cfbundle; includeInIndex = 0; path = HMSDTMKitDemoUITests.xctest; sourceTree = BUILT_PRODUCTS_DIR; };
		84D52BF025AC70C900AC50AE /* HMSDTMKitDemoUITests.m */ = {isa = PBXFileReference; lastKnownFileType = sourcecode.c.objc; path = HMSDTMKitDemoUITests.m; sourceTree = "<group>"; };
		84D52BF225AC70C900AC50AE /* Info.plist */ = {isa = PBXFileReference; lastKnownFileType = text.plist.xml; path = Info.plist; sourceTree = "<group>"; };
		84D52BFE25AC714E00AC50AE /* agconnect-services.plist */ = {isa = PBXFileReference; fileEncoding = 4; lastKnownFileType = text.plist.xml; path = "agconnect-services.plist"; sourceTree = "<group>"; };
		89BDF1D9E7305E1941364B5E /* Pods-HMSDTMKitDemo-HMSDTMKitDemoUITests.release.xcconfig */ = {isa = PBXFileReference; includeInIndex = 1; lastKnownFileType = text.xcconfig; name = "Pods-HMSDTMKitDemo-HMSDTMKitDemoUITests.release.xcconfig"; path = "Target Support Files/Pods-HMSDTMKitDemo-HMSDTMKitDemoUITests/Pods-HMSDTMKitDemo-HMSDTMKitDemoUITests.release.xcconfig"; sourceTree = "<group>"; };
		B44814D711FC4E660C322E58 /* Pods_HMSDTMKitDemo.framework */ = {isa = PBXFileReference; explicitFileType = wrapper.framework; includeInIndex = 0; path = Pods_HMSDTMKitDemo.framework; sourceTree = BUILT_PRODUCTS_DIR; };
		B874B6313863BB9285026EE8 /* Pods_HMSDTMKitDemoTests.framework */ = {isa = PBXFileReference; explicitFileType = wrapper.framework; includeInIndex = 0; path = Pods_HMSDTMKitDemoTests.framework; sourceTree = BUILT_PRODUCTS_DIR; };
		BB388EADC7AFC07AEF699454 /* Pods-HMSDTMKitDemoTests.debug.xcconfig */ = {isa = PBXFileReference; includeInIndex = 1; lastKnownFileType = text.xcconfig; name = "Pods-HMSDTMKitDemoTests.debug.xcconfig"; path = "Target Support Files/Pods-HMSDTMKitDemoTests/Pods-HMSDTMKitDemoTests.debug.xcconfig"; sourceTree = "<group>"; };
		BC616D706612893B1EFFCFFB /* Pods-HMSDTMKitDemoTests.release.xcconfig */ = {isa = PBXFileReference; includeInIndex = 1; lastKnownFileType = text.xcconfig; name = "Pods-HMSDTMKitDemoTests.release.xcconfig"; path = "Target Support Files/Pods-HMSDTMKitDemoTests/Pods-HMSDTMKitDemoTests.release.xcconfig"; sourceTree = "<group>"; };
		FAA39819040AEBB24D74E18D /* Pods-HMSDTMKitDemo.debug.xcconfig */ = {isa = PBXFileReference; includeInIndex = 1; lastKnownFileType = text.xcconfig; name = "Pods-HMSDTMKitDemo.debug.xcconfig"; path = "Target Support Files/Pods-HMSDTMKitDemo/Pods-HMSDTMKitDemo.debug.xcconfig"; sourceTree = "<group>"; };
/* End PBXFileReference section */

/* Begin PBXFrameworksBuildPhase section */
		84D52BC325AC70C700AC50AE /* Frameworks */ = {
			isa = PBXFrameworksBuildPhase;
			buildActionMask = 2147483647;
			files = (
				C6F3EE290095B1891EAF3670 /* Pods_HMSDTMKitDemo.framework in Frameworks */,
			);
			runOnlyForDeploymentPostprocessing = 0;
		};
		84D52BDE25AC70C900AC50AE /* Frameworks */ = {
			isa = PBXFrameworksBuildPhase;
			buildActionMask = 2147483647;
			files = (
				585660C736EDD2F362DF45D4 /* Pods_HMSDTMKitDemoTests.framework in Frameworks */,
			);
			runOnlyForDeploymentPostprocessing = 0;
		};
		84D52BE925AC70C900AC50AE /* Frameworks */ = {
			isa = PBXFrameworksBuildPhase;
			buildActionMask = 2147483647;
			files = (
				5D326736B77FCD69079B9418 /* Pods_HMSDTMKitDemo_HMSDTMKitDemoUITests.framework in Frameworks */,
			);
			runOnlyForDeploymentPostprocessing = 0;
		};
/* End PBXFrameworksBuildPhase section */

/* Begin PBXGroup section */
		0D18A4511146998A6CD10C83 /* Pods */ = {
			isa = PBXGroup;
			children = (
				FAA39819040AEBB24D74E18D /* Pods-HMSDTMKitDemo.debug.xcconfig */,
				2305BB8F91371F122591824F /* Pods-HMSDTMKitDemo.release.xcconfig */,
				60CA04C38B987BD8B819434A /* Pods-HMSDTMKitDemo-HMSDTMKitDemoUITests.debug.xcconfig */,
				89BDF1D9E7305E1941364B5E /* Pods-HMSDTMKitDemo-HMSDTMKitDemoUITests.release.xcconfig */,
				BB388EADC7AFC07AEF699454 /* Pods-HMSDTMKitDemoTests.debug.xcconfig */,
				BC616D706612893B1EFFCFFB /* Pods-HMSDTMKitDemoTests.release.xcconfig */,
			);
			path = Pods;
			sourceTree = "<group>";
		};
		3F51DE3AEBAC80D1D8C64797 /* Frameworks */ = {
			isa = PBXGroup;
			children = (
				B44814D711FC4E660C322E58 /* Pods_HMSDTMKitDemo.framework */,
				654709F53FCF1DDEC3C5AF9D /* Pods_HMSDTMKitDemo_HMSDTMKitDemoUITests.framework */,
				B874B6313863BB9285026EE8 /* Pods_HMSDTMKitDemoTests.framework */,
			);
			name = Frameworks;
			sourceTree = "<group>";
		};
		84D52BBD25AC70C700AC50AE = {
			isa = PBXGroup;
			children = (
				84D52BC825AC70C700AC50AE /* HMSDTMKitDemo */,
				84D52BE425AC70C900AC50AE /* HMSDTMKitDemoTests */,
				84D52BEF25AC70C900AC50AE /* HMSDTMKitDemoUITests */,
				84D52BC725AC70C700AC50AE /* Products */,
				0D18A4511146998A6CD10C83 /* Pods */,
				3F51DE3AEBAC80D1D8C64797 /* Frameworks */,
			);
			sourceTree = "<group>";
		};
		84D52BC725AC70C700AC50AE /* Products */ = {
			isa = PBXGroup;
			children = (
				84D52BC625AC70C700AC50AE /* HMSDTMKitDemo.app */,
				84D52BE125AC70C900AC50AE /* HMSDTMKitDemoTests.xctest */,
				84D52BEC25AC70C900AC50AE /* HMSDTMKitDemoUITests.xctest */,
			);
			name = Products;
			sourceTree = "<group>";
		};
		84D52BC825AC70C700AC50AE /* HMSDTMKitDemo */ = {
			isa = PBXGroup;
			children = (
				84D52BFE25AC714E00AC50AE /* agconnect-services.plist */,
				84D52BC925AC70C700AC50AE /* AppDelegate.h */,
				84D52BCA25AC70C700AC50AE /* AppDelegate.m */,
				84D52BCC25AC70C700AC50AE /* SceneDelegate.h */,
				84D52BCD25AC70C700AC50AE /* SceneDelegate.m */,
				84D52BCF25AC70C700AC50AE /* ViewController.h */,
				84D52BD025AC70C700AC50AE /* ViewController.m */,
				84D52BD225AC70C700AC50AE /* Main.storyboard */,
				84D52BD525AC70C900AC50AE /* Assets.xcassets */,
				84D52BD725AC70C900AC50AE /* LaunchScreen.storyboard */,
				84D52BDA25AC70C900AC50AE /* Info.plist */,
				84D52BDB25AC70C900AC50AE /* main.m */,
			);
			path = HMSDTMKitDemo;
			sourceTree = "<group>";
		};
		84D52BE425AC70C900AC50AE /* HMSDTMKitDemoTests */ = {
			isa = PBXGroup;
			children = (
				84D52BE525AC70C900AC50AE /* HMSDTMKitDemoTests.m */,
				84D52BE725AC70C900AC50AE /* Info.plist */,
			);
			path = HMSDTMKitDemoTests;
			sourceTree = "<group>";
		};
		84D52BEF25AC70C900AC50AE /* HMSDTMKitDemoUITests */ = {
			isa = PBXGroup;
			children = (
				84D52BF025AC70C900AC50AE /* HMSDTMKitDemoUITests.m */,
				84D52BF225AC70C900AC50AE /* Info.plist */,
			);
			path = HMSDTMKitDemoUITests;
			sourceTree = "<group>";
		};
/* End PBXGroup section */

/* Begin PBXNativeTarget section */
		84D52BC525AC70C700AC50AE /* HMSDTMKitDemo */ = {
			isa = PBXNativeTarget;
			buildConfigurationList = 84D52BF525AC70C900AC50AE /* Build configuration list for PBXNativeTarget "HMSDTMKitDemo" */;
			buildPhases = (
				683256EACEBEFE91A2095765 /* [CP] Check Pods Manifest.lock */,
				84D52BC225AC70C700AC50AE /* Sources */,
				84D52BC325AC70C700AC50AE /* Frameworks */,
				84D52BC425AC70C700AC50AE /* Resources */,
				9A0C71C7E89AC8DA1D4ADF27 /* [CP] Embed Pods Frameworks */,
				13467400A338FB87B5644350 /* [CP] Copy Pods Resources */,
			);
			buildRules = (
			);
			dependencies = (
			);
			name = HMSDTMKitDemo;
			productName = HMSDTMKitDemo;
			productReference = 84D52BC625AC70C700AC50AE /* HMSDTMKitDemo.app */;
			productType = "com.apple.product-type.application";
		};
		84D52BE025AC70C900AC50AE /* HMSDTMKitDemoTests */ = {
			isa = PBXNativeTarget;
			buildConfigurationList = 84D52BF825AC70C900AC50AE /* Build configuration list for PBXNativeTarget "HMSDTMKitDemoTests" */;
			buildPhases = (
				35B03DD3F2DAE8DBD55E400C /* [CP] Check Pods Manifest.lock */,
				84D52BDD25AC70C900AC50AE /* Sources */,
				84D52BDE25AC70C900AC50AE /* Frameworks */,
				84D52BDF25AC70C900AC50AE /* Resources */,
			);
			buildRules = (
			);
			dependencies = (
				84D52BE325AC70C900AC50AE /* PBXTargetDependency */,
			);
			name = HMSDTMKitDemoTests;
			productName = HMSDTMKitDemoTests;
			productReference = 84D52BE125AC70C900AC50AE /* HMSDTMKitDemoTests.xctest */;
			productType = "com.apple.product-type.bundle.unit-test";
		};
		84D52BEB25AC70C900AC50AE /* HMSDTMKitDemoUITests */ = {
			isa = PBXNativeTarget;
			buildConfigurationList = 84D52BFB25AC70C900AC50AE /* Build configuration list for PBXNativeTarget "HMSDTMKitDemoUITests" */;
			buildPhases = (
				60E161EC13C118C326591F71 /* [CP] Check Pods Manifest.lock */,
				84D52BE825AC70C900AC50AE /* Sources */,
				84D52BE925AC70C900AC50AE /* Frameworks */,
				84D52BEA25AC70C900AC50AE /* Resources */,
				C1A9614ED0FB07CB02E1B89F /* [CP] Embed Pods Frameworks */,
				1D480828AFBB608286DB86CF /* [CP] Copy Pods Resources */,
			);
			buildRules = (
			);
			dependencies = (
				84D52BEE25AC70C900AC50AE /* PBXTargetDependency */,
			);
			name = HMSDTMKitDemoUITests;
			productName = HMSDTMKitDemoUITests;
			productReference = 84D52BEC25AC70C900AC50AE /* HMSDTMKitDemoUITests.xctest */;
			productType = "com.apple.product-type.bundle.ui-testing";
		};
/* End PBXNativeTarget section */

/* Begin PBXProject section */
		84D52BBE25AC70C700AC50AE /* Project object */ = {
			isa = PBXProject;
			attributes = {
				LastUpgradeCheck = 1170;
				ORGANIZATIONNAME = HW;
				TargetAttributes = {
					84D52BC525AC70C700AC50AE = {
						CreatedOnToolsVersion = 11.7;
					};
					84D52BE025AC70C900AC50AE = {
						CreatedOnToolsVersion = 11.7;
						TestTargetID = 84D52BC525AC70C700AC50AE;
					};
					84D52BEB25AC70C900AC50AE = {
						CreatedOnToolsVersion = 11.7;
						TestTargetID = 84D52BC525AC70C700AC50AE;
					};
				};
			};
			buildConfigurationList = 84D52BC125AC70C700AC50AE /* Build configuration list for PBXProject "HMSDTMKitDemo" */;
			compatibilityVersion = "Xcode 9.3";
			developmentRegion = en;
			hasScannedForEncodings = 0;
			knownRegions = (
				en,
				Base,
			);
			mainGroup = 84D52BBD25AC70C700AC50AE;
			productRefGroup = 84D52BC725AC70C700AC50AE /* Products */;
			projectDirPath = "";
			projectRoot = "";
			targets = (
				84D52BC525AC70C700AC50AE /* HMSDTMKitDemo */,
				84D52BE025AC70C900AC50AE /* HMSDTMKitDemoTests */,
				84D52BEB25AC70C900AC50AE /* HMSDTMKitDemoUITests */,
			);
		};
/* End PBXProject section */

/* Begin PBXResourcesBuildPhase section */
		84D52BC425AC70C700AC50AE /* Resources */ = {
			isa = PBXResourcesBuildPhase;
			buildActionMask = 2147483647;
			files = (
				84D52BD925AC70C900AC50AE /* LaunchScreen.storyboard in Resources */,
				84D52BFF25AC714E00AC50AE /* agconnect-services.plist in Resources */,
				84D52BD625AC70C900AC50AE /* Assets.xcassets in Resources */,
				84D52BD425AC70C700AC50AE /* Main.storyboard in Resources */,
			);
			runOnlyForDeploymentPostprocessing = 0;
		};
		84D52BDF25AC70C900AC50AE /* Resources */ = {
			isa = PBXResourcesBuildPhase;
			buildActionMask = 2147483647;
			files = (
			);
			runOnlyForDeploymentPostprocessing = 0;
		};
		84D52BEA25AC70C900AC50AE /* Resources */ = {
			isa = PBXResourcesBuildPhase;
			buildActionMask = 2147483647;
			files = (
			);
			runOnlyForDeploymentPostprocessing = 0;
		};
/* End PBXResourcesBuildPhase section */

/* Begin PBXShellScriptBuildPhase section */
		13467400A338FB87B5644350 /* [CP] Copy Pods Resources */ = {
			isa = PBXShellScriptBuildPhase;
			buildActionMask = 2147483647;
			files = (
			);
			inputFileListPaths = (
				"${PODS_ROOT}/Target Support Files/Pods-HMSDTMKitDemo/Pods-HMSDTMKitDemo-resources-${CONFIGURATION}-input-files.xcfilelist",
			);
			name = "[CP] Copy Pods Resources";
			outputFileListPaths = (
				"${PODS_ROOT}/Target Support Files/Pods-HMSDTMKitDemo/Pods-HMSDTMKitDemo-resources-${CONFIGURATION}-output-files.xcfilelist",
			);
			runOnlyForDeploymentPostprocessing = 0;
			shellPath = /bin/sh;
			shellScript = "\"${PODS_ROOT}/Target Support Files/Pods-HMSDTMKitDemo/Pods-HMSDTMKitDemo-resources.sh\"\n";
			showEnvVarsInLog = 0;
		};
		1D480828AFBB608286DB86CF /* [CP] Copy Pods Resources */ = {
			isa = PBXShellScriptBuildPhase;
			buildActionMask = 2147483647;
			files = (
			);
			inputFileListPaths = (
				"${PODS_ROOT}/Target Support Files/Pods-HMSDTMKitDemo-HMSDTMKitDemoUITests/Pods-HMSDTMKitDemo-HMSDTMKitDemoUITests-resources-${CONFIGURATION}-input-files.xcfilelist",
			);
			name = "[CP] Copy Pods Resources";
			outputFileListPaths = (
				"${PODS_ROOT}/Target Support Files/Pods-HMSDTMKitDemo-HMSDTMKitDemoUITests/Pods-HMSDTMKitDemo-HMSDTMKitDemoUITests-resources-${CONFIGURATION}-output-files.xcfilelist",
			);
			runOnlyForDeploymentPostprocessing = 0;
			shellPath = /bin/sh;
			shellScript = "\"${PODS_ROOT}/Target Support Files/Pods-HMSDTMKitDemo-HMSDTMKitDemoUITests/Pods-HMSDTMKitDemo-HMSDTMKitDemoUITests-resources.sh\"\n";
			showEnvVarsInLog = 0;
		};
		35B03DD3F2DAE8DBD55E400C /* [CP] Check Pods Manifest.lock */ = {
			isa = PBXShellScriptBuildPhase;
			buildActionMask = 2147483647;
			files = (
			);
			inputFileListPaths = (
			);
			inputPaths = (
				"${PODS_PODFILE_DIR_PATH}/Podfile.lock",
				"${PODS_ROOT}/Manifest.lock",
			);
			name = "[CP] Check Pods Manifest.lock";
			outputFileListPaths = (
			);
			outputPaths = (
				"$(DERIVED_FILE_DIR)/Pods-HMSDTMKitDemoTests-checkManifestLockResult.txt",
			);
			runOnlyForDeploymentPostprocessing = 0;
			shellPath = /bin/sh;
			shellScript = "diff \"${PODS_PODFILE_DIR_PATH}/Podfile.lock\" \"${PODS_ROOT}/Manifest.lock\" > /dev/null\nif [ $? != 0 ] ; then\n    # print error to STDERR\n    echo \"error: The sandbox is not in sync with the Podfile.lock. Run 'pod install' or update your CocoaPods installation.\" >&2\n    exit 1\nfi\n# This output is used by Xcode 'outputs' to avoid re-running this script phase.\necho \"SUCCESS\" > \"${SCRIPT_OUTPUT_FILE_0}\"\n";
			showEnvVarsInLog = 0;
		};
		60E161EC13C118C326591F71 /* [CP] Check Pods Manifest.lock */ = {
			isa = PBXShellScriptBuildPhase;
			buildActionMask = 2147483647;
			files = (
			);
			inputFileListPaths = (
			);
			inputPaths = (
				"${PODS_PODFILE_DIR_PATH}/Podfile.lock",
				"${PODS_ROOT}/Manifest.lock",
			);
			name = "[CP] Check Pods Manifest.lock";
			outputFileListPaths = (
			);
			outputPaths = (
				"$(DERIVED_FILE_DIR)/Pods-HMSDTMKitDemo-HMSDTMKitDemoUITests-checkManifestLockResult.txt",
			);
			runOnlyForDeploymentPostprocessing = 0;
			shellPath = /bin/sh;
			shellScript = "diff \"${PODS_PODFILE_DIR_PATH}/Podfile.lock\" \"${PODS_ROOT}/Manifest.lock\" > /dev/null\nif [ $? != 0 ] ; then\n    # print error to STDERR\n    echo \"error: The sandbox is not in sync with the Podfile.lock. Run 'pod install' or update your CocoaPods installation.\" >&2\n    exit 1\nfi\n# This output is used by Xcode 'outputs' to avoid re-running this script phase.\necho \"SUCCESS\" > \"${SCRIPT_OUTPUT_FILE_0}\"\n";
			showEnvVarsInLog = 0;
		};
		683256EACEBEFE91A2095765 /* [CP] Check Pods Manifest.lock */ = {
			isa = PBXShellScriptBuildPhase;
			buildActionMask = 2147483647;
			files = (
			);
			inputFileListPaths = (
			);
			inputPaths = (
				"${PODS_PODFILE_DIR_PATH}/Podfile.lock",
				"${PODS_ROOT}/Manifest.lock",
			);
			name = "[CP] Check Pods Manifest.lock";
			outputFileListPaths = (
			);
			outputPaths = (
				"$(DERIVED_FILE_DIR)/Pods-HMSDTMKitDemo-checkManifestLockResult.txt",
			);
			runOnlyForDeploymentPostprocessing = 0;
			shellPath = /bin/sh;
			shellScript = "diff \"${PODS_PODFILE_DIR_PATH}/Podfile.lock\" \"${PODS_ROOT}/Manifest.lock\" > /dev/null\nif [ $? != 0 ] ; then\n    # print error to STDERR\n    echo \"error: The sandbox is not in sync with the Podfile.lock. Run 'pod install' or update your CocoaPods installation.\" >&2\n    exit 1\nfi\n# This output is used by Xcode 'outputs' to avoid re-running this script phase.\necho \"SUCCESS\" > \"${SCRIPT_OUTPUT_FILE_0}\"\n";
			showEnvVarsInLog = 0;
		};
		9A0C71C7E89AC8DA1D4ADF27 /* [CP] Embed Pods Frameworks */ = {
			isa = PBXShellScriptBuildPhase;
			buildActionMask = 2147483647;
			files = (
			);
			inputFileListPaths = (
				"${PODS_ROOT}/Target Support Files/Pods-HMSDTMKitDemo/Pods-HMSDTMKitDemo-frameworks-${CONFIGURATION}-input-files.xcfilelist",
			);
			name = "[CP] Embed Pods Frameworks";
			outputFileListPaths = (
				"${PODS_ROOT}/Target Support Files/Pods-HMSDTMKitDemo/Pods-HMSDTMKitDemo-frameworks-${CONFIGURATION}-output-files.xcfilelist",
			);
			runOnlyForDeploymentPostprocessing = 0;
			shellPath = /bin/sh;
			shellScript = "\"${PODS_ROOT}/Target Support Files/Pods-HMSDTMKitDemo/Pods-HMSDTMKitDemo-frameworks.sh\"\n";
			showEnvVarsInLog = 0;
		};
		C1A9614ED0FB07CB02E1B89F /* [CP] Embed Pods Frameworks */ = {
			isa = PBXShellScriptBuildPhase;
			buildActionMask = 2147483647;
			files = (
			);
			inputFileListPaths = (
				"${PODS_ROOT}/Target Support Files/Pods-HMSDTMKitDemo-HMSDTMKitDemoUITests/Pods-HMSDTMKitDemo-HMSDTMKitDemoUITests-frameworks-${CONFIGURATION}-input-files.xcfilelist",
			);
			name = "[CP] Embed Pods Frameworks";
			outputFileListPaths = (
				"${PODS_ROOT}/Target Support Files/Pods-HMSDTMKitDemo-HMSDTMKitDemoUITests/Pods-HMSDTMKitDemo-HMSDTMKitDemoUITests-frameworks-${CONFIGURATION}-output-files.xcfilelist",
			);
			runOnlyForDeploymentPostprocessing = 0;
			shellPath = /bin/sh;
			shellScript = "\"${PODS_ROOT}/Target Support Files/Pods-HMSDTMKitDemo-HMSDTMKitDemoUITests/Pods-HMSDTMKitDemo-HMSDTMKitDemoUITests-frameworks.sh\"\n";
			showEnvVarsInLog = 0;
		};
/* End PBXShellScriptBuildPhase section */

/* Begin PBXSourcesBuildPhase section */
		84D52BC225AC70C700AC50AE /* Sources */ = {
			isa = PBXSourcesBuildPhase;
			buildActionMask = 2147483647;
			files = (
				84D52BD125AC70C700AC50AE /* ViewController.m in Sources */,
				84D52BCB25AC70C700AC50AE /* AppDelegate.m in Sources */,
				84D52BDC25AC70C900AC50AE /* main.m in Sources */,
				84D52BCE25AC70C700AC50AE /* SceneDelegate.m in Sources */,
			);
			runOnlyForDeploymentPostprocessing = 0;
		};
		84D52BDD25AC70C900AC50AE /* Sources */ = {
			isa = PBXSourcesBuildPhase;
			buildActionMask = 2147483647;
			files = (
				84D52BE625AC70C900AC50AE /* HMSDTMKitDemoTests.m in Sources */,
			);
			runOnlyForDeploymentPostprocessing = 0;
		};
		84D52BE825AC70C900AC50AE /* Sources */ = {
			isa = PBXSourcesBuildPhase;
			buildActionMask = 2147483647;
			files = (
				84D52BF125AC70C900AC50AE /* HMSDTMKitDemoUITests.m in Sources */,
			);
			runOnlyForDeploymentPostprocessing = 0;
		};
/* End PBXSourcesBuildPhase section */

/* Begin PBXTargetDependency section */
		84D52BE325AC70C900AC50AE /* PBXTargetDependency */ = {
			isa = PBXTargetDependency;
			target = 84D52BC525AC70C700AC50AE /* HMSDTMKitDemo */;
			targetProxy = 84D52BE225AC70C900AC50AE /* PBXContainerItemProxy */;
		};
		84D52BEE25AC70C900AC50AE /* PBXTargetDependency */ = {
			isa = PBXTargetDependency;
			target = 84D52BC525AC70C700AC50AE /* HMSDTMKitDemo */;
			targetProxy = 84D52BED25AC70C900AC50AE /* PBXContainerItemProxy */;
		};
/* End PBXTargetDependency section */

/* Begin PBXVariantGroup section */
		84D52BD225AC70C700AC50AE /* Main.storyboard */ = {
			isa = PBXVariantGroup;
			children = (
				84D52BD325AC70C700AC50AE /* Base */,
			);
			name = Main.storyboard;
			sourceTree = "<group>";
		};
		84D52BD725AC70C900AC50AE /* LaunchScreen.storyboard */ = {
			isa = PBXVariantGroup;
			children = (
				84D52BD825AC70C900AC50AE /* Base */,
			);
			name = LaunchScreen.storyboard;
			sourceTree = "<group>";
		};
/* End PBXVariantGroup section */

/* Begin XCBuildConfiguration section */
		84D52BF325AC70C900AC50AE /* Debug */ = {
			isa = XCBuildConfiguration;
			buildSettings = {
				ALWAYS_SEARCH_USER_PATHS = NO;
				CLANG_ANALYZER_NONNULL = YES;
				CLANG_ANALYZER_NUMBER_OBJECT_CONVERSION = YES_AGGRESSIVE;
				CLANG_CXX_LANGUAGE_STANDARD = "gnu++14";
				CLANG_CXX_LIBRARY = "libc++";
				CLANG_ENABLE_MODULES = YES;
				CLANG_ENABLE_OBJC_ARC = YES;
				CLANG_ENABLE_OBJC_WEAK = YES;
				CLANG_WARN_BLOCK_CAPTURE_AUTORELEASING = YES;
				CLANG_WARN_BOOL_CONVERSION = YES;
				CLANG_WARN_COMMA = YES;
				CLANG_WARN_CONSTANT_CONVERSION = YES;
				CLANG_WARN_DEPRECATED_OBJC_IMPLEMENTATIONS = YES;
				CLANG_WARN_DIRECT_OBJC_ISA_USAGE = YES_ERROR;
				CLANG_WARN_DOCUMENTATION_COMMENTS = YES;
				CLANG_WARN_EMPTY_BODY = YES;
				CLANG_WARN_ENUM_CONVERSION = YES;
				CLANG_WARN_INFINITE_RECURSION = YES;
				CLANG_WARN_INT_CONVERSION = YES;
				CLANG_WARN_NON_LITERAL_NULL_CONVERSION = YES;
				CLANG_WARN_OBJC_IMPLICIT_RETAIN_SELF = YES;
				CLANG_WARN_OBJC_LITERAL_CONVERSION = YES;
				CLANG_WARN_OBJC_ROOT_CLASS = YES_ERROR;
				CLANG_WARN_RANGE_LOOP_ANALYSIS = YES;
				CLANG_WARN_STRICT_PROTOTYPES = YES;
				CLANG_WARN_SUSPICIOUS_MOVE = YES;
				CLANG_WARN_UNGUARDED_AVAILABILITY = YES_AGGRESSIVE;
				CLANG_WARN_UNREACHABLE_CODE = YES;
				CLANG_WARN__DUPLICATE_METHOD_MATCH = YES;
				COPY_PHASE_STRIP = NO;
				DEBUG_INFORMATION_FORMAT = dwarf;
				ENABLE_STRICT_OBJC_MSGSEND = YES;
				ENABLE_TESTABILITY = YES;
				GCC_C_LANGUAGE_STANDARD = gnu11;
				GCC_DYNAMIC_NO_PIC = NO;
				GCC_NO_COMMON_BLOCKS = YES;
				GCC_OPTIMIZATION_LEVEL = 0;
				GCC_PREPROCESSOR_DEFINITIONS = (
					"DEBUG=1",
					"$(inherited)",
				);
				GCC_WARN_64_TO_32_BIT_CONVERSION = YES;
				GCC_WARN_ABOUT_RETURN_TYPE = YES_ERROR;
				GCC_WARN_UNDECLARED_SELECTOR = YES;
				GCC_WARN_UNINITIALIZED_AUTOS = YES_AGGRESSIVE;
				GCC_WARN_UNUSED_FUNCTION = YES;
				GCC_WARN_UNUSED_VARIABLE = YES;
				IPHONEOS_DEPLOYMENT_TARGET = 13.7;
				MTL_ENABLE_DEBUG_INFO = INCLUDE_SOURCE;
				MTL_FAST_MATH = YES;
				ONLY_ACTIVE_ARCH = YES;
				SDKROOT = iphoneos;
			};
			name = Debug;
		};
		84D52BF425AC70C900AC50AE /* Release */ = {
			isa = XCBuildConfiguration;
			buildSettings = {
				ALWAYS_SEARCH_USER_PATHS = NO;
				CLANG_ANALYZER_NONNULL = YES;
				CLANG_ANALYZER_NUMBER_OBJECT_CONVERSION = YES_AGGRESSIVE;
				CLANG_CXX_LANGUAGE_STANDARD = "gnu++14";
				CLANG_CXX_LIBRARY = "libc++";
				CLANG_ENABLE_MODULES = YES;
				CLANG_ENABLE_OBJC_ARC = YES;
				CLANG_ENABLE_OBJC_WEAK = YES;
				CLANG_WARN_BLOCK_CAPTURE_AUTORELEASING = YES;
				CLANG_WARN_BOOL_CONVERSION = YES;
				CLANG_WARN_COMMA = YES;
				CLANG_WARN_CONSTANT_CONVERSION = YES;
				CLANG_WARN_DEPRECATED_OBJC_IMPLEMENTATIONS = YES;
				CLANG_WARN_DIRECT_OBJC_ISA_USAGE = YES_ERROR;
				CLANG_WARN_DOCUMENTATION_COMMENTS = YES;
				CLANG_WARN_EMPTY_BODY = YES;
				CLANG_WARN_ENUM_CONVERSION = YES;
				CLANG_WARN_INFINITE_RECURSION = YES;
				CLANG_WARN_INT_CONVERSION = YES;
				CLANG_WARN_NON_LITERAL_NULL_CONVERSION = YES;
				CLANG_WARN_OBJC_IMPLICIT_RETAIN_SELF = YES;
				CLANG_WARN_OBJC_LITERAL_CONVERSION = YES;
				CLANG_WARN_OBJC_ROOT_CLASS = YES_ERROR;
				CLANG_WARN_RANGE_LOOP_ANALYSIS = YES;
				CLANG_WARN_STRICT_PROTOTYPES = YES;
				CLANG_WARN_SUSPICIOUS_MOVE = YES;
				CLANG_WARN_UNGUARDED_AVAILABILITY = YES_AGGRESSIVE;
				CLANG_WARN_UNREACHABLE_CODE = YES;
				CLANG_WARN__DUPLICATE_METHOD_MATCH = YES;
				COPY_PHASE_STRIP = NO;
				DEBUG_INFORMATION_FORMAT = "dwarf-with-dsym";
				ENABLE_NS_ASSERTIONS = NO;
				ENABLE_STRICT_OBJC_MSGSEND = YES;
				GCC_C_LANGUAGE_STANDARD = gnu11;
				GCC_NO_COMMON_BLOCKS = YES;
				GCC_WARN_64_TO_32_BIT_CONVERSION = YES;
				GCC_WARN_ABOUT_RETURN_TYPE = YES_ERROR;
				GCC_WARN_UNDECLARED_SELECTOR = YES;
				GCC_WARN_UNINITIALIZED_AUTOS = YES_AGGRESSIVE;
				GCC_WARN_UNUSED_FUNCTION = YES;
				GCC_WARN_UNUSED_VARIABLE = YES;
				IPHONEOS_DEPLOYMENT_TARGET = 13.7;
				MTL_ENABLE_DEBUG_INFO = NO;
				MTL_FAST_MATH = YES;
				SDKROOT = iphoneos;
				VALIDATE_PRODUCT = YES;
			};
			name = Release;
		};
		84D52BF625AC70C900AC50AE /* Debug */ = {
			isa = XCBuildConfiguration;
			baseConfigurationReference = FAA39819040AEBB24D74E18D /* Pods-HMSDTMKitDemo.debug.xcconfig */;
			buildSettings = {
				ASSETCATALOG_COMPILER_APPICON_NAME = AppIcon;
				CODE_SIGN_STYLE = Automatic;
				INFOPLIST_FILE = HMSDTMKitDemo/Info.plist;
				IPHONEOS_DEPLOYMENT_TARGET = 10.0;
				LD_RUNPATH_SEARCH_PATHS = (
					"$(inherited)",
					"@executable_path/Frameworks",
				);
				PRODUCT_BUNDLE_IDENTIFIER = kevin.test.com;
				PRODUCT_NAME = "$(TARGET_NAME)";
				TARGETED_DEVICE_FAMILY = "1,2";
			};
			name = Debug;
		};
		84D52BF725AC70C900AC50AE /* Release */ = {
			isa = XCBuildConfiguration;
			baseConfigurationReference = 2305BB8F91371F122591824F /* Pods-HMSDTMKitDemo.release.xcconfig */;
			buildSettings = {
				ASSETCATALOG_COMPILER_APPICON_NAME = AppIcon;
				CODE_SIGN_STYLE = Automatic;
				INFOPLIST_FILE = HMSDTMKitDemo/Info.plist;
				IPHONEOS_DEPLOYMENT_TARGET = 10.0;
				LD_RUNPATH_SEARCH_PATHS = (
					"$(inherited)",
					"@executable_path/Frameworks",
				);
				PRODUCT_BUNDLE_IDENTIFIER = kevin.test.com;
				PRODUCT_NAME = "$(TARGET_NAME)";
				TARGETED_DEVICE_FAMILY = "1,2";
			};
			name = Release;
		};
		84D52BF925AC70C900AC50AE /* Debug */ = {
			isa = XCBuildConfiguration;
			baseConfigurationReference = BB388EADC7AFC07AEF699454 /* Pods-HMSDTMKitDemoTests.debug.xcconfig */;
			buildSettings = {
				BUNDLE_LOADER = "$(TEST_HOST)";
				CODE_SIGN_STYLE = Automatic;
				INFOPLIST_FILE = HMSDTMKitDemoTests/Info.plist;
				IPHONEOS_DEPLOYMENT_TARGET = 13.7;
				LD_RUNPATH_SEARCH_PATHS = (
					"$(inherited)",
					"@executable_path/Frameworks",
					"@loader_path/Frameworks",
				);
				PRODUCT_BUNDLE_IDENTIFIER = HW.HMSDTMKitDemoTests;
				PRODUCT_NAME = "$(TARGET_NAME)";
				TARGETED_DEVICE_FAMILY = "1,2";
				TEST_HOST = "$(BUILT_PRODUCTS_DIR)/HMSDTMKitDemo.app/HMSDTMKitDemo";
			};
			name = Debug;
		};
		84D52BFA25AC70C900AC50AE /* Release */ = {
			isa = XCBuildConfiguration;
			baseConfigurationReference = BC616D706612893B1EFFCFFB /* Pods-HMSDTMKitDemoTests.release.xcconfig */;
			buildSettings = {
				BUNDLE_LOADER = "$(TEST_HOST)";
				CODE_SIGN_STYLE = Automatic;
				INFOPLIST_FILE = HMSDTMKitDemoTests/Info.plist;
				IPHONEOS_DEPLOYMENT_TARGET = 13.7;
				LD_RUNPATH_SEARCH_PATHS = (
					"$(inherited)",
					"@executable_path/Frameworks",
					"@loader_path/Frameworks",
				);
				PRODUCT_BUNDLE_IDENTIFIER = HW.HMSDTMKitDemoTests;
				PRODUCT_NAME = "$(TARGET_NAME)";
				TARGETED_DEVICE_FAMILY = "1,2";
				TEST_HOST = "$(BUILT_PRODUCTS_DIR)/HMSDTMKitDemo.app/HMSDTMKitDemo";
			};
			name = Release;
		};
		84D52BFC25AC70C900AC50AE /* Debug */ = {
			isa = XCBuildConfiguration;
			baseConfigurationReference = 60CA04C38B987BD8B819434A /* Pods-HMSDTMKitDemo-HMSDTMKitDemoUITests.debug.xcconfig */;
			buildSettings = {
				CODE_SIGN_STYLE = Automatic;
				INFOPLIST_FILE = HMSDTMKitDemoUITests/Info.plist;
				LD_RUNPATH_SEARCH_PATHS = (
					"$(inherited)",
					"@executable_path/Frameworks",
					"@loader_path/Frameworks",
				);
				PRODUCT_BUNDLE_IDENTIFIER = HW.HMSDTMKitDemoUITests;
				PRODUCT_NAME = "$(TARGET_NAME)";
				TARGETED_DEVICE_FAMILY = "1,2";
				TEST_TARGET_NAME = HMSDTMKitDemo;
			};
			name = Debug;
		};
		84D52BFD25AC70C900AC50AE /* Release */ = {
			isa = XCBuildConfiguration;
			baseConfigurationReference = 89BDF1D9E7305E1941364B5E /* Pods-HMSDTMKitDemo-HMSDTMKitDemoUITests.release.xcconfig */;
			buildSettings = {
				CODE_SIGN_STYLE = Automatic;
				INFOPLIST_FILE = HMSDTMKitDemoUITests/Info.plist;
				LD_RUNPATH_SEARCH_PATHS = (
					"$(inherited)",
					"@executable_path/Frameworks",
					"@loader_path/Frameworks",
				);
				PRODUCT_BUNDLE_IDENTIFIER = HW.HMSDTMKitDemoUITests;
				PRODUCT_NAME = "$(TARGET_NAME)";
				TARGETED_DEVICE_FAMILY = "1,2";
				TEST_TARGET_NAME = HMSDTMKitDemo;
			};
			name = Release;
		};
/* End XCBuildConfiguration section */

/* Begin XCConfigurationList section */
		84D52BC125AC70C700AC50AE /* Build configuration list for PBXProject "HMSDTMKitDemo" */ = {
			isa = XCConfigurationList;
			buildConfigurations = (
				84D52BF325AC70C900AC50AE /* Debug */,
				84D52BF425AC70C900AC50AE /* Release */,
			);
			defaultConfigurationIsVisible = 0;
			defaultConfigurationName = Release;
		};
		84D52BF525AC70C900AC50AE /* Build configuration list for PBXNativeTarget "HMSDTMKitDemo" */ = {
			isa = XCConfigurationList;
			buildConfigurations = (
				84D52BF625AC70C900AC50AE /* Debug */,
				84D52BF725AC70C900AC50AE /* Release */,
			);
			defaultConfigurationIsVisible = 0;
			defaultConfigurationName = Release;
		};
		84D52BF825AC70C900AC50AE /* Build configuration list for PBXNativeTarget "HMSDTMKitDemoTests" */ = {
			isa = XCConfigurationList;
			buildConfigurations = (
				84D52BF925AC70C900AC50AE /* Debug */,
				84D52BFA25AC70C900AC50AE /* Release */,
			);
			defaultConfigurationIsVisible = 0;
			defaultConfigurationName = Release;
		};
		84D52BFB25AC70C900AC50AE /* Build configuration list for PBXNativeTarget "HMSDTMKitDemoUITests" */ = {
			isa = XCConfigurationList;
			buildConfigurations = (
				84D52BFC25AC70C900AC50AE /* Debug */,
				84D52BFD25AC70C900AC50AE /* Release */,
			);
			defaultConfigurationIsVisible = 0;
			defaultConfigurationName = Release;
		};
/* End XCConfigurationList section */
	};
	rootObject = 84D52BBE25AC70C700AC50AE /* Project object */;
}
